// !$*UTF8*$!
{
	archiveVersion = 1;
	classes = {
	};
	objectVersion = 56;
	objects = {

/* Begin PBXBuildFile section */
		8DC9FAAA2BACCD5E00BC1A82 /* AppDelegate.swift in Sources */ = {isa = PBXBuildFile; fileRef = 8DC9FAA92BACCD5E00BC1A82 /* AppDelegate.swift */; };
		8DC9FAAC2BACCD5E00BC1A82 /* SceneDelegate.swift in Sources */ = {isa = PBXBuildFile; fileRef = 8DC9FAAB2BACCD5E00BC1A82 /* SceneDelegate.swift */; };
		8DC9FAB32BACCD6000BC1A82 /* Assets.xcassets in Resources */ = {isa = PBXBuildFile; fileRef = 8DC9FAB22BACCD6000BC1A82 /* Assets.xcassets */; };
		8DC9FAB62BACCD6000BC1A82 /* LaunchScreen.storyboard in Resources */ = {isa = PBXBuildFile; fileRef = 8DC9FAB42BACCD6000BC1A82 /* LaunchScreen.storyboard */; };
		8DC9FAC12BACCE4E00BC1A82 /* TabBarManager.swift in Sources */ = {isa = PBXBuildFile; fileRef = 8DC9FAC02BACCE4E00BC1A82 /* TabBarManager.swift */; };
		8DC9FAC32BACCF8F00BC1A82 /* HomeView.swift in Sources */ = {isa = PBXBuildFile; fileRef = 8DC9FAC22BACCF8F00BC1A82 /* HomeView.swift */; };
		8DC9FAC52BACCF9E00BC1A82 /* ProfileView.swift in Sources */ = {isa = PBXBuildFile; fileRef = 8DC9FAC42BACCF9E00BC1A82 /* ProfileView.swift */; };
		8DC9FAC72BACCFB100BC1A82 /* HomeViewModel.swift in Sources */ = {isa = PBXBuildFile; fileRef = 8DC9FAC62BACCFB100BC1A82 /* HomeViewModel.swift */; };
		8DC9FAC92BACCFBC00BC1A82 /* ProfileViewModel.swift in Sources */ = {isa = PBXBuildFile; fileRef = 8DC9FAC82BACCFBC00BC1A82 /* ProfileViewModel.swift */; };
		8DC9FACB2BACCFD100BC1A82 /* YahooModel.swift in Sources */ = {isa = PBXBuildFile; fileRef = 8DC9FACA2BACCFD100BC1A82 /* YahooModel.swift */; };
		8DC9FACE2BACD1A800BC1A82 /* NetworkManager.swift in Sources */ = {isa = PBXBuildFile; fileRef = 8DC9FACD2BACD1A800BC1A82 /* NetworkManager.swift */; };
		8DC9FAD12BACD1E900BC1A82 /* Alamofire in Frameworks */ = {isa = PBXBuildFile; productRef = 8DC9FAD02BACD1E900BC1A82 /* Alamofire */; };
		8DC9FAD32BACE30B00BC1A82 /* StockInfo.swift in Sources */ = {isa = PBXBuildFile; fileRef = 8DC9FAD22BACE30B00BC1A82 /* StockInfo.swift */; };
		8DC9FAD52BADAC2E00BC1A82 /* PickerDataOnHomeView.swift in Sources */ = {isa = PBXBuildFile; fileRef = 8DC9FAD42BADAC2E00BC1A82 /* PickerDataOnHomeView.swift */; };
		8DC9FAD82BAE1F6800BC1A82 /* DGCharts in Frameworks */ = {isa = PBXBuildFile; productRef = 8DC9FAD72BAE1F6800BC1A82 /* DGCharts */; };
/* End PBXBuildFile section */

/* Begin PBXFileReference section */
		8DC9FAA62BACCD5E00BC1A82 /* FinTech.app */ = {isa = PBXFileReference; explicitFileType = wrapper.application; includeInIndex = 0; path = FinTech.app; sourceTree = BUILT_PRODUCTS_DIR; };
		8DC9FAA92BACCD5E00BC1A82 /* AppDelegate.swift */ = {isa = PBXFileReference; lastKnownFileType = sourcecode.swift; path = AppDelegate.swift; sourceTree = "<group>"; };
		8DC9FAAB2BACCD5E00BC1A82 /* SceneDelegate.swift */ = {isa = PBXFileReference; lastKnownFileType = sourcecode.swift; path = SceneDelegate.swift; sourceTree = "<group>"; };
		8DC9FAB22BACCD6000BC1A82 /* Assets.xcassets */ = {isa = PBXFileReference; lastKnownFileType = folder.assetcatalog; path = Assets.xcassets; sourceTree = "<group>"; };
		8DC9FAB52BACCD6000BC1A82 /* Base */ = {isa = PBXFileReference; lastKnownFileType = file.storyboard; name = Base; path = Base.lproj/LaunchScreen.storyboard; sourceTree = "<group>"; };
		8DC9FAB72BACCD6000BC1A82 /* Info.plist */ = {isa = PBXFileReference; lastKnownFileType = text.plist.xml; path = Info.plist; sourceTree = "<group>"; };
		8DC9FAC02BACCE4E00BC1A82 /* TabBarManager.swift */ = {isa = PBXFileReference; lastKnownFileType = sourcecode.swift; path = TabBarManager.swift; sourceTree = "<group>"; };
		8DC9FAC22BACCF8F00BC1A82 /* HomeView.swift */ = {isa = PBXFileReference; lastKnownFileType = sourcecode.swift; path = HomeView.swift; sourceTree = "<group>"; };
		8DC9FAC42BACCF9E00BC1A82 /* ProfileView.swift */ = {isa = PBXFileReference; lastKnownFileType = sourcecode.swift; path = ProfileView.swift; sourceTree = "<group>"; };
		8DC9FAC62BACCFB100BC1A82 /* HomeViewModel.swift */ = {isa = PBXFileReference; lastKnownFileType = sourcecode.swift; path = HomeViewModel.swift; sourceTree = "<group>"; };
		8DC9FAC82BACCFBC00BC1A82 /* ProfileViewModel.swift */ = {isa = PBXFileReference; lastKnownFileType = sourcecode.swift; path = ProfileViewModel.swift; sourceTree = "<group>"; };
		8DC9FACA2BACCFD100BC1A82 /* YahooModel.swift */ = {isa = PBXFileReference; lastKnownFileType = sourcecode.swift; path = YahooModel.swift; sourceTree = "<group>"; };
		8DC9FACD2BACD1A800BC1A82 /* NetworkManager.swift */ = {isa = PBXFileReference; lastKnownFileType = sourcecode.swift; path = NetworkManager.swift; sourceTree = "<group>"; };
		8DC9FAD22BACE30B00BC1A82 /* StockInfo.swift */ = {isa = PBXFileReference; lastKnownFileType = sourcecode.swift; path = StockInfo.swift; sourceTree = "<group>"; };
		8DC9FAD42BADAC2E00BC1A82 /* PickerDataOnHomeView.swift */ = {isa = PBXFileReference; lastKnownFileType = sourcecode.swift; path = PickerDataOnHomeView.swift; sourceTree = "<group>"; };
/* End PBXFileReference section */

/* Begin PBXFrameworksBuildPhase section */
		8DC9FAA32BACCD5E00BC1A82 /* Frameworks */ = {
			isa = PBXFrameworksBuildPhase;
			buildActionMask = 2147483647;
			files = (
				8DC9FAD82BAE1F6800BC1A82 /* DGCharts in Frameworks */,
				8DC9FAD12BACD1E900BC1A82 /* Alamofire in Frameworks */,
			);
			runOnlyForDeploymentPostprocessing = 0;
		};
/* End PBXFrameworksBuildPhase section */

/* Begin PBXGroup section */
		8DC9FA9D2BACCD5E00BC1A82 = {
			isa = PBXGroup;
			children = (
				8DC9FAA82BACCD5E00BC1A82 /* FinTech */,
				8DC9FAA72BACCD5E00BC1A82 /* Products */,
			);
			sourceTree = "<group>";
		};
		8DC9FAA72BACCD5E00BC1A82 /* Products */ = {
			isa = PBXGroup;
			children = (
				8DC9FAA62BACCD5E00BC1A82 /* FinTech.app */,
			);
			name = Products;
			sourceTree = "<group>";
		};
		8DC9FAA82BACCD5E00BC1A82 /* FinTech */ = {
			isa = PBXGroup;
			children = (
				8DC9FABF2BACCDD600BC1A82 /* Model */,
				8DC9FABE2BACCDD000BC1A82 /* View */,
				8DC9FABD2BACCDCA00BC1A82 /* ViewModel */,
				8DC9FACC2BACCFD700BC1A82 /* Service */,
				8DC9FAAB2BACCD5E00BC1A82 /* SceneDelegate.swift */,
				8DC9FAB22BACCD6000BC1A82 /* Assets.xcassets */,
				8DC9FAA92BACCD5E00BC1A82 /* AppDelegate.swift */,
				8DC9FAB42BACCD6000BC1A82 /* LaunchScreen.storyboard */,
				8DC9FAB72BACCD6000BC1A82 /* Info.plist */,
				8DC9FAC02BACCE4E00BC1A82 /* TabBarManager.swift */,
				8DC9FAD42BADAC2E00BC1A82 /* PickerDataOnHomeView.swift */,
			);
			path = FinTech;
			sourceTree = "<group>";
		};
		8DC9FABD2BACCDCA00BC1A82 /* ViewModel */ = {
			isa = PBXGroup;
			children = (
				8DC9FAC62BACCFB100BC1A82 /* HomeViewModel.swift */,
				8DC9FAC82BACCFBC00BC1A82 /* ProfileViewModel.swift */,
			);
			path = ViewModel;
			sourceTree = "<group>";
		};
		8DC9FABE2BACCDD000BC1A82 /* View */ = {
			isa = PBXGroup;
			children = (
				8DC9FAC22BACCF8F00BC1A82 /* HomeView.swift */,
				8DC9FAC42BACCF9E00BC1A82 /* ProfileView.swift */,
			);
			path = View;
			sourceTree = "<group>";
		};
		8DC9FABF2BACCDD600BC1A82 /* Model */ = {
			isa = PBXGroup;
			children = (
				8DC9FACA2BACCFD100BC1A82 /* YahooModel.swift */,
				8DC9FAD22BACE30B00BC1A82 /* StockInfo.swift */,
			);
			path = Model;
			sourceTree = "<group>";
		};
		8DC9FACC2BACCFD700BC1A82 /* Service */ = {
			isa = PBXGroup;
			children = (
				8DC9FACD2BACD1A800BC1A82 /* NetworkManager.swift */,
			);
			path = Service;
			sourceTree = "<group>";
		};
/* End PBXGroup section */

/* Begin PBXNativeTarget section */
		8DC9FAA52BACCD5E00BC1A82 /* FinTech */ = {
			isa = PBXNativeTarget;
			buildConfigurationList = 8DC9FABA2BACCD6000BC1A82 /* Build configuration list for PBXNativeTarget "FinTech" */;
			buildPhases = (
				8DC9FAA22BACCD5E00BC1A82 /* Sources */,
				8DC9FAA32BACCD5E00BC1A82 /* Frameworks */,
				8DC9FAA42BACCD5E00BC1A82 /* Resources */,
			);
			buildRules = (
			);
			dependencies = (
			);
			name = FinTech;
			packageProductDependencies = (
				8DC9FAD02BACD1E900BC1A82 /* Alamofire */,
				8DC9FAD72BAE1F6800BC1A82 /* DGCharts */,
			);
			productName = FinTech;
			productReference = 8DC9FAA62BACCD5E00BC1A82 /* FinTech.app */;
			productType = "com.apple.product-type.application";
		};
/* End PBXNativeTarget section */

/* Begin PBXProject section */
		8DC9FA9E2BACCD5E00BC1A82 /* Project object */ = {
			isa = PBXProject;
			attributes = {
				BuildIndependentTargetsInParallel = 1;
				LastSwiftUpdateCheck = 1500;
				LastUpgradeCheck = 1500;
				TargetAttributes = {
					8DC9FAA52BACCD5E00BC1A82 = {
						CreatedOnToolsVersion = 15.0.1;
					};
				};
			};
			buildConfigurationList = 8DC9FAA12BACCD5E00BC1A82 /* Build configuration list for PBXProject "FinTech" */;
			compatibilityVersion = "Xcode 14.0";
			developmentRegion = en;
			hasScannedForEncodings = 0;
			knownRegions = (
				en,
				Base,
			);
			mainGroup = 8DC9FA9D2BACCD5E00BC1A82;
			packageReferences = (
				8DC9FACF2BACD1E900BC1A82 /* XCRemoteSwiftPackageReference "Alamofire" */,
				8DC9FAD62BAE1F6700BC1A82 /* XCRemoteSwiftPackageReference "Charts" */,
			);
			productRefGroup = 8DC9FAA72BACCD5E00BC1A82 /* Products */;
			projectDirPath = "";
			projectRoot = "";
			targets = (
				8DC9FAA52BACCD5E00BC1A82 /* FinTech */,
			);
		};
/* End PBXProject section */

/* Begin PBXResourcesBuildPhase section */
		8DC9FAA42BACCD5E00BC1A82 /* Resources */ = {
			isa = PBXResourcesBuildPhase;
			buildActionMask = 2147483647;
			files = (
				8DC9FAB62BACCD6000BC1A82 /* LaunchScreen.storyboard in Resources */,
				8DC9FAB32BACCD6000BC1A82 /* Assets.xcassets in Resources */,
			);
			runOnlyForDeploymentPostprocessing = 0;
		};
/* End PBXResourcesBuildPhase section */

/* Begin PBXSourcesBuildPhase section */
		8DC9FAA22BACCD5E00BC1A82 /* Sources */ = {
			isa = PBXSourcesBuildPhase;
			buildActionMask = 2147483647;
			files = (
				8DC9FACE2BACD1A800BC1A82 /* NetworkManager.swift in Sources */,
				8DC9FAC12BACCE4E00BC1A82 /* TabBarManager.swift in Sources */,
				8DC9FAC72BACCFB100BC1A82 /* HomeViewModel.swift in Sources */,
				8DC9FAC32BACCF8F00BC1A82 /* HomeView.swift in Sources */,
				8DC9FAC52BACCF9E00BC1A82 /* ProfileView.swift in Sources */,
				8DC9FAD52BADAC2E00BC1A82 /* PickerDataOnHomeView.swift in Sources */,
				8DC9FACB2BACCFD100BC1A82 /* YahooModel.swift in Sources */,
				8DC9FAD32BACE30B00BC1A82 /* StockInfo.swift in Sources */,
				8DC9FAAA2BACCD5E00BC1A82 /* AppDelegate.swift in Sources */,
				8DC9FAAC2BACCD5E00BC1A82 /* SceneDelegate.swift in Sources */,
				8DC9FAC92BACCFBC00BC1A82 /* ProfileViewModel.swift in Sources */,
			);
			runOnlyForDeploymentPostprocessing = 0;
		};
/* End PBXSourcesBuildPhase section */

/* Begin PBXVariantGroup section */
		8DC9FAB42BACCD6000BC1A82 /* LaunchScreen.storyboard */ = {
			isa = PBXVariantGroup;
			children = (
				8DC9FAB52BACCD6000BC1A82 /* Base */,
			);
			name = LaunchScreen.storyboard;
			sourceTree = "<group>";
		};
/* End PBXVariantGroup section */

/* Begin XCBuildConfiguration section */
		8DC9FAB82BACCD6000BC1A82 /* Debug */ = {
			isa = XCBuildConfiguration;
			buildSettings = {
				ALWAYS_SEARCH_USER_PATHS = NO;
				ASSETCATALOG_COMPILER_GENERATE_SWIFT_ASSET_SYMBOL_EXTENSIONS = YES;
				CLANG_ANALYZER_NONNULL = YES;
				CLANG_ANALYZER_NUMBER_OBJECT_CONVERSION = YES_AGGRESSIVE;
				CLANG_CXX_LANGUAGE_STANDARD = "gnu++20";
				CLANG_ENABLE_MODULES = YES;
				CLANG_ENABLE_OBJC_ARC = YES;
				CLANG_ENABLE_OBJC_WEAK = YES;
				CLANG_WARN_BLOCK_CAPTURE_AUTORELEASING = YES;
				CLANG_WARN_BOOL_CONVERSION = YES;
				CLANG_WARN_COMMA = YES;
				CLANG_WARN_CONSTANT_CONVERSION = YES;
				CLANG_WARN_DEPRECATED_OBJC_IMPLEMENTATIONS = YES;
				CLANG_WARN_DIRECT_OBJC_ISA_USAGE = YES_ERROR;
				CLANG_WARN_DOCUMENTATION_COMMENTS = YES;
				CLANG_WARN_EMPTY_BODY = YES;
				CLANG_WARN_ENUM_CONVERSION = YES;
				CLANG_WARN_INFINITE_RECURSION = YES;
				CLANG_WARN_INT_CONVERSION = YES;
				CLANG_WARN_NON_LITERAL_NULL_CONVERSION = YES;
				CLANG_WARN_OBJC_IMPLICIT_RETAIN_SELF = YES;
				CLANG_WARN_OBJC_LITERAL_CONVERSION = YES;
				CLANG_WARN_OBJC_ROOT_CLASS = YES_ERROR;
				CLANG_WARN_QUOTED_INCLUDE_IN_FRAMEWORK_HEADER = YES;
				CLANG_WARN_RANGE_LOOP_ANALYSIS = YES;
				CLANG_WARN_STRICT_PROTOTYPES = YES;
				CLANG_WARN_SUSPICIOUS_MOVE = YES;
				CLANG_WARN_UNGUARDED_AVAILABILITY = YES_AGGRESSIVE;
				CLANG_WARN_UNREACHABLE_CODE = YES;
				CLANG_WARN__DUPLICATE_METHOD_MATCH = YES;
				COPY_PHASE_STRIP = NO;
				DEBUG_INFORMATION_FORMAT = dwarf;
				ENABLE_STRICT_OBJC_MSGSEND = YES;
				ENABLE_TESTABILITY = YES;
				ENABLE_USER_SCRIPT_SANDBOXING = YES;
				GCC_C_LANGUAGE_STANDARD = gnu17;
				GCC_DYNAMIC_NO_PIC = NO;
				GCC_NO_COMMON_BLOCKS = YES;
				GCC_OPTIMIZATION_LEVEL = 0;
				GCC_PREPROCESSOR_DEFINITIONS = (
					"DEBUG=1",
					"$(inherited)",
				);
				GCC_WARN_64_TO_32_BIT_CONVERSION = YES;
				GCC_WARN_ABOUT_RETURN_TYPE = YES_ERROR;
				GCC_WARN_UNDECLARED_SELECTOR = YES;
				GCC_WARN_UNINITIALIZED_AUTOS = YES_AGGRESSIVE;
				GCC_WARN_UNUSED_FUNCTION = YES;
				GCC_WARN_UNUSED_VARIABLE = YES;
				IPHONEOS_DEPLOYMENT_TARGET = 17.0;
				LOCALIZATION_PREFERS_STRING_CATALOGS = YES;
				MTL_ENABLE_DEBUG_INFO = INCLUDE_SOURCE;
				MTL_FAST_MATH = YES;
				ONLY_ACTIVE_ARCH = YES;
				SDKROOT = iphoneos;
				SWIFT_ACTIVE_COMPILATION_CONDITIONS = "DEBUG $(inherited)";
				SWIFT_OPTIMIZATION_LEVEL = "-Onone";
			};
			name = Debug;
		};
		8DC9FAB92BACCD6000BC1A82 /* Release */ = {
			isa = XCBuildConfiguration;
			buildSettings = {
				ALWAYS_SEARCH_USER_PATHS = NO;
				ASSETCATALOG_COMPILER_GENERATE_SWIFT_ASSET_SYMBOL_EXTENSIONS = YES;
				CLANG_ANALYZER_NONNULL = YES;
				CLANG_ANALYZER_NUMBER_OBJECT_CONVERSION = YES_AGGRESSIVE;
				CLANG_CXX_LANGUAGE_STANDARD = "gnu++20";
				CLANG_ENABLE_MODULES = YES;
				CLANG_ENABLE_OBJC_ARC = YES;
				CLANG_ENABLE_OBJC_WEAK = YES;
				CLANG_WARN_BLOCK_CAPTURE_AUTORELEASING = YES;
				CLANG_WARN_BOOL_CONVERSION = YES;
				CLANG_WARN_COMMA = YES;
				CLANG_WARN_CONSTANT_CONVERSION = YES;
				CLANG_WARN_DEPRECATED_OBJC_IMPLEMENTATIONS = YES;
				CLANG_WARN_DIRECT_OBJC_ISA_USAGE = YES_ERROR;
				CLANG_WARN_DOCUMENTATION_COMMENTS = YES;
				CLANG_WARN_EMPTY_BODY = YES;
				CLANG_WARN_ENUM_CONVERSION = YES;
				CLANG_WARN_INFINITE_RECURSION = YES;
				CLANG_WARN_INT_CONVERSION = YES;
				CLANG_WARN_NON_LITERAL_NULL_CONVERSION = YES;
				CLANG_WARN_OBJC_IMPLICIT_RETAIN_SELF = YES;
				CLANG_WARN_OBJC_LITERAL_CONVERSION = YES;
				CLANG_WARN_OBJC_ROOT_CLASS = YES_ERROR;
				CLANG_WARN_QUOTED_INCLUDE_IN_FRAMEWORK_HEADER = YES;
				CLANG_WARN_RANGE_LOOP_ANALYSIS = YES;
				CLANG_WARN_STRICT_PROTOTYPES = YES;
				CLANG_WARN_SUSPICIOUS_MOVE = YES;
				CLANG_WARN_UNGUARDED_AVAILABILITY = YES_AGGRESSIVE;
				CLANG_WARN_UNREACHABLE_CODE = YES;
				CLANG_WARN__DUPLICATE_METHOD_MATCH = YES;
				COPY_PHASE_STRIP = NO;
				DEBUG_INFORMATION_FORMAT = "dwarf-with-dsym";
				ENABLE_NS_ASSERTIONS = NO;
				ENABLE_STRICT_OBJC_MSGSEND = YES;
				ENABLE_USER_SCRIPT_SANDBOXING = YES;
				GCC_C_LANGUAGE_STANDARD = gnu17;
				GCC_NO_COMMON_BLOCKS = YES;
				GCC_WARN_64_TO_32_BIT_CONVERSION = YES;
				GCC_WARN_ABOUT_RETURN_TYPE = YES_ERROR;
				GCC_WARN_UNDECLARED_SELECTOR = YES;
				GCC_WARN_UNINITIALIZED_AUTOS = YES_AGGRESSIVE;
				GCC_WARN_UNUSED_FUNCTION = YES;
				GCC_WARN_UNUSED_VARIABLE = YES;
				IPHONEOS_DEPLOYMENT_TARGET = 17.0;
				LOCALIZATION_PREFERS_STRING_CATALOGS = YES;
				MTL_ENABLE_DEBUG_INFO = NO;
				MTL_FAST_MATH = YES;
				SDKROOT = iphoneos;
				SWIFT_COMPILATION_MODE = wholemodule;
				VALIDATE_PRODUCT = YES;
			};
			name = Release;
		};
		8DC9FABB2BACCD6000BC1A82 /* Debug */ = {
			isa = XCBuildConfiguration;
			buildSettings = {
				ASSETCATALOG_COMPILER_APPICON_NAME = AppIcon;
				ASSETCATALOG_COMPILER_GLOBAL_ACCENT_COLOR_NAME = AccentColor;
				CODE_SIGN_STYLE = Automatic;
				CURRENT_PROJECT_VERSION = 1;
				DEVELOPMENT_TEAM = YM66DH2MW6;
				GENERATE_INFOPLIST_FILE = YES;
				INFOPLIST_FILE = FinTech/Info.plist;
				INFOPLIST_KEY_UIApplicationSupportsIndirectInputEvents = YES;
				INFOPLIST_KEY_UILaunchStoryboardName = LaunchScreen;
				INFOPLIST_KEY_UIMainStoryboardFile = "";
				INFOPLIST_KEY_UISupportedInterfaceOrientations_iPad = "UIInterfaceOrientationPortrait UIInterfaceOrientationPortraitUpsideDown UIInterfaceOrientationLandscapeLeft UIInterfaceOrientationLandscapeRight";
				INFOPLIST_KEY_UISupportedInterfaceOrientations_iPhone = "UIInterfaceOrientationPortrait UIInterfaceOrientationLandscapeLeft UIInterfaceOrientationLandscapeRight";
				IPHONEOS_DEPLOYMENT_TARGET = 15.0;
				LD_RUNPATH_SEARCH_PATHS = (
					"$(inherited)",
					"@executable_path/Frameworks",
				);
				MARKETING_VERSION = 1.0;
				PRODUCT_BUNDLE_IDENTIFIER = com.sukrusimsek.FinTech;
				PRODUCT_NAME = "$(TARGET_NAME)";
				SWIFT_EMIT_LOC_STRINGS = YES;
				SWIFT_VERSION = 5.0;
				TARGETED_DEVICE_FAMILY = "1,2";
			};
			name = Debug;
		};
		8DC9FABC2BACCD6000BC1A82 /* Release */ = {
			isa = XCBuildConfiguration;
			buildSettings = {
				ASSETCATALOG_COMPILER_APPICON_NAME = AppIcon;
				ASSETCATALOG_COMPILER_GLOBAL_ACCENT_COLOR_NAME = AccentColor;
				CODE_SIGN_STYLE = Automatic;
				CURRENT_PROJECT_VERSION = 1;
				DEVELOPMENT_TEAM = YM66DH2MW6;
				GENERATE_INFOPLIST_FILE = YES;
				INFOPLIST_FILE = FinTech/Info.plist;
				INFOPLIST_KEY_UIApplicationSupportsIndirectInputEvents = YES;
				INFOPLIST_KEY_UILaunchStoryboardName = LaunchScreen;
				INFOPLIST_KEY_UIMainStoryboardFile = "";
				INFOPLIST_KEY_UISupportedInterfaceOrientations_iPad = "UIInterfaceOrientationPortrait UIInterfaceOrientationPortraitUpsideDown UIInterfaceOrientationLandscapeLeft UIInterfaceOrientationLandscapeRight";
				INFOPLIST_KEY_UISupportedInterfaceOrientations_iPhone = "UIInterfaceOrientationPortrait UIInterfaceOrientationLandscapeLeft UIInterfaceOrientationLandscapeRight";
				IPHONEOS_DEPLOYMENT_TARGET = 15.0;
				LD_RUNPATH_SEARCH_PATHS = (
					"$(inherited)",
					"@executable_path/Frameworks",
				);
				MARKETING_VERSION = 1.0;
				PRODUCT_BUNDLE_IDENTIFIER = com.sukrusimsek.FinTech;
				PRODUCT_NAME = "$(TARGET_NAME)";
				SWIFT_EMIT_LOC_STRINGS = YES;
				SWIFT_VERSION = 5.0;
				TARGETED_DEVICE_FAMILY = "1,2";
			};
			name = Release;
		};
/* End XCBuildConfiguration section */

/* Begin XCConfigurationList section */
		8DC9FAA12BACCD5E00BC1A82 /* Build configuration list for PBXProject "FinTech" */ = {
			isa = XCConfigurationList;
			buildConfigurations = (
				8DC9FAB82BACCD6000BC1A82 /* Debug */,
				8DC9FAB92BACCD6000BC1A82 /* Release */,
			);
			defaultConfigurationIsVisible = 0;
			defaultConfigurationName = Release;
		};
		8DC9FABA2BACCD6000BC1A82 /* Build configuration list for PBXNativeTarget "FinTech" */ = {
			isa = XCConfigurationList;
			buildConfigurations = (
				8DC9FABB2BACCD6000BC1A82 /* Debug */,
				8DC9FABC2BACCD6000BC1A82 /* Release */,
			);
			defaultConfigurationIsVisible = 0;
			defaultConfigurationName = Release;
		};
/* End XCConfigurationList section */

/* Begin XCRemoteSwiftPackageReference section */
		8DC9FACF2BACD1E900BC1A82 /* XCRemoteSwiftPackageReference "Alamofire" */ = {
			isa = XCRemoteSwiftPackageReference;
			repositoryURL = "https://github.com/Alamofire/Alamofire";
			requirement = {
				kind = upToNextMajorVersion;
				minimumVersion = 5.9.0;
			};
		};
		8DC9FAD62BAE1F6700BC1A82 /* XCRemoteSwiftPackageReference "Charts" */ = {
			isa = XCRemoteSwiftPackageReference;
			repositoryURL = "https://github.com/danielgindi/Charts";
			requirement = {
				kind = upToNextMajorVersion;
				minimumVersion = 5.1.0;
			};
		};
/* End XCRemoteSwiftPackageReference section */

/* Begin XCSwiftPackageProductDependency section */
		8DC9FAD02BACD1E900BC1A82 /* Alamofire */ = {
			isa = XCSwiftPackageProductDependency;
			package = 8DC9FACF2BACD1E900BC1A82 /* XCRemoteSwiftPackageReference "Alamofire" */;
			productName = Alamofire;
		};
		8DC9FAD72BAE1F6800BC1A82 /* DGCharts */ = {
			isa = XCSwiftPackageProductDependency;
			package = 8DC9FAD62BAE1F6700BC1A82 /* XCRemoteSwiftPackageReference "Charts" */;
			productName = DGCharts;
		};
/* End XCSwiftPackageProductDependency section */
	};
	rootObject = 8DC9FA9E2BACCD5E00BC1A82 /* Project object */;
}
